
Microsoft Visual Studio Solution File, Format Version 12.00
# Visual Studio Version 17
VisualStudioVersion = 17.1.32328.378
MinimumVisualStudioVersion = 10.0.40219.1
Project("{9A19103F-16F7-4668-BE54-9A1E7A4F7556}") = "Entities", "Entities\Entities.csproj", "{080369FE-500B-48C2-B155-625857D7304B}"
EndProject
Project("{9A19103F-16F7-4668-BE54-9A1E7A4F7556}") = "DataAccess", "DataAccess\DataAccess.csproj", "{28E5A8BD-4D27-4D42-A9CD-4E209782BF60}"
EndProject
Project("{9A19103F-16F7-4668-BE54-9A1E7A4F7556}") = "Business", "Business\Business.csproj", "{AB3789DF-0E47-47AD-8EF2-138D75D7396D}"
EndProject
Project("{9A19103F-16F7-4668-BE54-9A1E7A4F7556}") = "ConsoleUI", "ConsoleUI\ConsoleUI.csproj", "{D0F9BEC6-370D-4406-B1B6-DF27A49ED13D}"
EndProject
Project("{FAE04EC0-301F-11D3-BF4B-00C04F79EFBC}") = "Core", "Core\Core.csproj", "{7585E9F0-1B42-4036-84A3-9AE775802D4B}"
EndProject
Global
	GlobalSection(SolutionConfigurationPlatforms) = preSolution
		Debug|Any CPU = Debug|Any CPU
		Release|Any CPU = Release|Any CPU
	EndGlobalSection
	GlobalSection(ProjectConfigurationPlatforms) = postSolution
		{080369FE-500B-48C2-B155-625857D7304B}.Debug|Any CPU.ActiveCfg = Debug|Any CPU
		{080369FE-500B-48C2-B155-625857D7304B}.Debug|Any CPU.Build.0 = Debug|Any CPU
		{080369FE-500B-48C2-B155-625857D7304B}.Release|Any CPU.ActiveCfg = Release|Any CPU
		{080369FE-500B-48C2-B155-625857D7304B}.Release|Any CPU.Build.0 = Release|Any CPU
		{28E5A8BD-4D27-4D42-A9CD-4E209782BF60}.Debug|Any CPU.ActiveCfg = Debug|Any CPU
		{28E5A8BD-4D27-4D42-A9CD-4E209782BF60}.Debug|Any CPU.Build.0 = Debug|Any CPU
		{28E5A8BD-4D27-4D42-A9CD-4E209782BF60}.Release|Any CPU.ActiveCfg = Release|Any CPU
		{28E5A8BD-4D27-4D42-A9CD-4E209782BF60}.Release|Any CPU.Build.0 = Release|Any CPU
		{AB3789DF-0E47-47AD-8EF2-138D75D7396D}.Debug|Any CPU.ActiveCfg = Debug|Any CPU
		{AB3789DF-0E47-47AD-8EF2-138D75D7396D}.Debug|Any CPU.Build.0 = Debug|Any CPU
		{AB3789DF-0E47-47AD-8EF2-138D75D7396D}.Release|Any CPU.ActiveCfg = Release|Any CPU
		{AB3789DF-0E47-47AD-8EF2-138D75D7396D}.Release|Any CPU.Build.0 = Release|Any CPU
		{D0F9BEC6-370D-4406-B1B6-DF27A49ED13D}.Debug|Any CPU.ActiveCfg = Debug|Any CPU
		{D0F9BEC6-370D-4406-B1B6-DF27A49ED13D}.Debug|Any CPU.Build.0 = Debug|Any CPU
		{D0F9BEC6-370D-4406-B1B6-DF27A49ED13D}.Release|Any CPU.ActiveCfg = Release|Any CPU
		{D0F9BEC6-370D-4406-B1B6-DF27A49ED13D}.Release|Any CPU.Build.0 = Release|Any CPU
		{7585E9F0-1B42-4036-84A3-9AE775802D4B}.Debug|Any CPU.ActiveCfg = Debug|Any CPU
		{7585E9F0-1B42-4036-84A3-9AE775802D4B}.Debug|Any CPU.Build.0 = Debug|Any CPU
		{7585E9F0-1B42-4036-84A3-9AE775802D4B}.Release|Any CPU.ActiveCfg = Release|Any CPU
		{7585E9F0-1B42-4036-84A3-9AE775802D4B}.Release|Any CPU.Build.0 = Release|Any CPU
	EndGlobalSection
	GlobalSection(SolutionProperties) = preSolution
		HideSolutionNode = FALSE
	EndGlobalSection
	GlobalSection(ExtensibilityGlobals) = postSolution
		SolutionGuid = {E8D06699-01D8-41A0-BA29-42FFD2F044D2}
	EndGlobalSection
EndGlobal
